
Microsoft Visual Studio Solution File, Format Version 12.00
# Visual Studio Version 17
VisualStudioVersion = 17.14.36212.18 d17.14
MinimumVisualStudioVersion = 10.0.40219.1
Project("{FAE04EC0-301F-11D3-BF4B-00C04F79EFBC}") = "test", "test.csproj", "{2EFBD9F2-7EDE-4A9E-A832-29F546CFC6EC}"
EndProject
Global
	GlobalSection(SolutionConfigurationPlatforms) = preSolution
		Debug|Any CPU = Debug|Any CPU
		Release|Any CPU = Release|Any CPU
	EndGlobalSection
	GlobalSection(ProjectConfigurationPlatforms) = postSolution
		{2EFBD9F2-7EDE-4A9E-A832-29F546CFC6EC}.Debug|Any CPU.ActiveCfg = Debug|Any CPU
		{2EFBD9F2-7EDE-4A9E-A832-29F546CFC6EC}.Debug|Any CPU.Build.0 = Debug|Any CPU
		{2EFBD9F2-7EDE-4A9E-A832-29F546CFC6EC}.Release|Any CPU.ActiveCfg = Release|Any CPU
		{2EFBD9F2-7EDE-4A9E-A832-29F546CFC6EC}.Release|Any CPU.Build.0 = Release|Any CPU
	EndGlobalSection
	GlobalSection(SolutionProperties) = preSolution
		HideSolutionNode = FALSE
	EndGlobalSection
	GlobalSection(ExtensibilityGlobals) = postSolution
		SolutionGuid = {238A6653-1BE1-496E-AD6F-2B748CF20C61}
	EndGlobalSection
EndGlobal
